
Microsoft Visual Studio Solution File, Format Version 12.00
# Visual Studio Version 16
VisualStudioVersion = 16.0.35731.53
MinimumVisualStudioVersion = 10.0.40219.1
Project("{FAE04EC0-301F-11D3-BF4B-00C04F79EFBC}") = "Рисование параболы в реальном времени", "Рисование параболы в реальном времени.csproj", "{9B41750F-62BE-4BE6-A812-42A345241841}"
EndProject
Global
	GlobalSection(SolutionConfigurationPlatforms) = preSolution
		Debug|Any CPU = Debug|Any CPU
		Release|Any CPU = Release|Any CPU
	EndGlobalSection
	GlobalSection(ProjectConfigurationPlatforms) = postSolution
		{9B41750F-62BE-4BE6-A812-42A345241841}.Debug|Any CPU.ActiveCfg = Debug|Any CPU
		{9B41750F-62BE-4BE6-A812-42A345241841}.Debug|Any CPU.Build.0 = Debug|Any CPU
		{9B41750F-62BE-4BE6-A812-42A345241841}.Release|Any CPU.ActiveCfg = Release|Any CPU
		{9B41750F-62BE-4BE6-A812-42A345241841}.Release|Any CPU.Build.0 = Release|Any CPU
	EndGlobalSection
	GlobalSection(SolutionProperties) = preSolution
		HideSolutionNode = FALSE
	EndGlobalSection
	GlobalSection(ExtensibilityGlobals) = postSolution
		SolutionGuid = {A9CEBEF7-FE4C-48B2-9F21-C99F5897EF9E}
	EndGlobalSection
EndGlobal
